
Microsoft Visual Studio Solution File, Format Version 12.00
# Visual Studio 15
VisualStudioVersion = 15.0.28010.2036
MinimumVisualStudioVersion = 10.0.40219.1
Project("{9A19103F-16F7-4668-BE54-9A1E7A4F7556}") = "HarvestingFields", "HarvestingFields\HarvestingFields.csproj", "{C451AC53-96B0-445A-9A1C-DFA15A4B744F}"
EndProject
Project("{FAE04EC0-301F-11D3-BF4B-00C04F79EFBC}") = "BlackBoxInteger", "BlackBoxInteger\BlackBoxInteger.csproj", "{03323F9A-C8CD-4F67-9EE2-A0212EA655D9}"
EndProject
Project("{FAE04EC0-301F-11D3-BF4B-00C04F79EFBC}") = "BarrackWars-ANewFactory", "BarrackWars-ANewFactory\BarrackWars-ANewFactory.csproj", "{A4BF5DC9-8532-407D-BA92-27B7094A63B2}"
EndProject
Global
	GlobalSection(SolutionConfigurationPlatforms) = preSolution
		Debug|Any CPU = Debug|Any CPU
		Release|Any CPU = Release|Any CPU
	EndGlobalSection
	GlobalSection(ProjectConfigurationPlatforms) = postSolution
		{C451AC53-96B0-445A-9A1C-DFA15A4B744F}.Debug|Any CPU.ActiveCfg = Debug|Any CPU
		{C451AC53-96B0-445A-9A1C-DFA15A4B744F}.Debug|Any CPU.Build.0 = Debug|Any CPU
		{C451AC53-96B0-445A-9A1C-DFA15A4B744F}.Release|Any CPU.ActiveCfg = Release|Any CPU
		{C451AC53-96B0-445A-9A1C-DFA15A4B744F}.Release|Any CPU.Build.0 = Release|Any CPU
		{03323F9A-C8CD-4F67-9EE2-A0212EA655D9}.Debug|Any CPU.ActiveCfg = Debug|Any CPU
		{03323F9A-C8CD-4F67-9EE2-A0212EA655D9}.Debug|Any CPU.Build.0 = Debug|Any CPU
		{03323F9A-C8CD-4F67-9EE2-A0212EA655D9}.Release|Any CPU.ActiveCfg = Release|Any CPU
		{03323F9A-C8CD-4F67-9EE2-A0212EA655D9}.Release|Any CPU.Build.0 = Release|Any CPU
		{A4BF5DC9-8532-407D-BA92-27B7094A63B2}.Debug|Any CPU.ActiveCfg = Debug|Any CPU
		{A4BF5DC9-8532-407D-BA92-27B7094A63B2}.Debug|Any CPU.Build.0 = Debug|Any CPU
		{A4BF5DC9-8532-407D-BA92-27B7094A63B2}.Release|Any CPU.ActiveCfg = Release|Any CPU
		{A4BF5DC9-8532-407D-BA92-27B7094A63B2}.Release|Any CPU.Build.0 = Release|Any CPU
	EndGlobalSection
	GlobalSection(SolutionProperties) = preSolution
		HideSolutionNode = FALSE
	EndGlobalSection
	GlobalSection(ExtensibilityGlobals) = postSolution
		SolutionGuid = {1A15D551-5BF4-40E5-A985-CD428979192F}
	EndGlobalSection
EndGlobal
