
Microsoft Visual Studio Solution File, Format Version 12.00
# Visual Studio 15
VisualStudioVersion = 15.0.28010.2036
MinimumVisualStudioVersion = 10.0.40219.1
Project("{FAE04EC0-301F-11D3-BF4B-00C04F79EFBC}") = "ListyIterator", "ListyIterator\ListyIterator.csproj", "{D1117A23-CB29-44C7-A179-8EB93B991210}"
EndProject
Project("{FAE04EC0-301F-11D3-BF4B-00C04F79EFBC}") = "Collection", "Collection\Collection.csproj", "{8C993F12-D5CF-4002-90EE-095F99CC072B}"
EndProject
Project("{FAE04EC0-301F-11D3-BF4B-00C04F79EFBC}") = "Stack", "Stack\Stack.csproj", "{6DD970C5-9BDC-4574-AF0B-DE766B708DA8}"
EndProject
Project("{FAE04EC0-301F-11D3-BF4B-00C04F79EFBC}") = "Froggy", "Froggy\Froggy.csproj", "{96226A0F-22B2-4255-A9E4-7F1D1D0747A3}"
EndProject
Project("{FAE04EC0-301F-11D3-BF4B-00C04F79EFBC}") = "ComparingObjects", "ComparingObjects\ComparingObjects.csproj", "{82145153-1D28-4A45-94CC-37B475505AA0}"
EndProject
Project("{FAE04EC0-301F-11D3-BF4B-00C04F79EFBC}") = "StrategyPattern", "StrategyPattern\StrategyPattern.csproj", "{DE720270-C080-438E-B459-D4EE9FB269F1}"
EndProject
Project("{FAE04EC0-301F-11D3-BF4B-00C04F79EFBC}") = "EqualityLogic", "EqualityLogic\EqualityLogic.csproj", "{E5542984-E92B-4A70-9330-2D3F76DFE2E2}"
EndProject
Global
	GlobalSection(SolutionConfigurationPlatforms) = preSolution
		Debug|Any CPU = Debug|Any CPU
		Release|Any CPU = Release|Any CPU
	EndGlobalSection
	GlobalSection(ProjectConfigurationPlatforms) = postSolution
		{D1117A23-CB29-44C7-A179-8EB93B991210}.Debug|Any CPU.ActiveCfg = Debug|Any CPU
		{D1117A23-CB29-44C7-A179-8EB93B991210}.Debug|Any CPU.Build.0 = Debug|Any CPU
		{D1117A23-CB29-44C7-A179-8EB93B991210}.Release|Any CPU.ActiveCfg = Release|Any CPU
		{D1117A23-CB29-44C7-A179-8EB93B991210}.Release|Any CPU.Build.0 = Release|Any CPU
		{8C993F12-D5CF-4002-90EE-095F99CC072B}.Debug|Any CPU.ActiveCfg = Debug|Any CPU
		{8C993F12-D5CF-4002-90EE-095F99CC072B}.Debug|Any CPU.Build.0 = Debug|Any CPU
		{8C993F12-D5CF-4002-90EE-095F99CC072B}.Release|Any CPU.ActiveCfg = Release|Any CPU
		{8C993F12-D5CF-4002-90EE-095F99CC072B}.Release|Any CPU.Build.0 = Release|Any CPU
		{6DD970C5-9BDC-4574-AF0B-DE766B708DA8}.Debug|Any CPU.ActiveCfg = Debug|Any CPU
		{6DD970C5-9BDC-4574-AF0B-DE766B708DA8}.Debug|Any CPU.Build.0 = Debug|Any CPU
		{6DD970C5-9BDC-4574-AF0B-DE766B708DA8}.Release|Any CPU.ActiveCfg = Release|Any CPU
		{6DD970C5-9BDC-4574-AF0B-DE766B708DA8}.Release|Any CPU.Build.0 = Release|Any CPU
		{96226A0F-22B2-4255-A9E4-7F1D1D0747A3}.Debug|Any CPU.ActiveCfg = Debug|Any CPU
		{96226A0F-22B2-4255-A9E4-7F1D1D0747A3}.Debug|Any CPU.Build.0 = Debug|Any CPU
		{96226A0F-22B2-4255-A9E4-7F1D1D0747A3}.Release|Any CPU.ActiveCfg = Release|Any CPU
		{96226A0F-22B2-4255-A9E4-7F1D1D0747A3}.Release|Any CPU.Build.0 = Release|Any CPU
		{82145153-1D28-4A45-94CC-37B475505AA0}.Debug|Any CPU.ActiveCfg = Debug|Any CPU
		{82145153-1D28-4A45-94CC-37B475505AA0}.Debug|Any CPU.Build.0 = Debug|Any CPU
		{82145153-1D28-4A45-94CC-37B475505AA0}.Release|Any CPU.ActiveCfg = Release|Any CPU
		{82145153-1D28-4A45-94CC-37B475505AA0}.Release|Any CPU.Build.0 = Release|Any CPU
		{DE720270-C080-438E-B459-D4EE9FB269F1}.Debug|Any CPU.ActiveCfg = Debug|Any CPU
		{DE720270-C080-438E-B459-D4EE9FB269F1}.Debug|Any CPU.Build.0 = Debug|Any CPU
		{DE720270-C080-438E-B459-D4EE9FB269F1}.Release|Any CPU.ActiveCfg = Release|Any CPU
		{DE720270-C080-438E-B459-D4EE9FB269F1}.Release|Any CPU.Build.0 = Release|Any CPU
		{E5542984-E92B-4A70-9330-2D3F76DFE2E2}.Debug|Any CPU.ActiveCfg = Debug|Any CPU
		{E5542984-E92B-4A70-9330-2D3F76DFE2E2}.Debug|Any CPU.Build.0 = Debug|Any CPU
		{E5542984-E92B-4A70-9330-2D3F76DFE2E2}.Release|Any CPU.ActiveCfg = Release|Any CPU
		{E5542984-E92B-4A70-9330-2D3F76DFE2E2}.Release|Any CPU.Build.0 = Release|Any CPU
	EndGlobalSection
	GlobalSection(SolutionProperties) = preSolution
		HideSolutionNode = FALSE
	EndGlobalSection
	GlobalSection(ExtensibilityGlobals) = postSolution
		SolutionGuid = {30DEBEE6-BA87-472F-B298-049D55D9D134}
	EndGlobalSection
EndGlobal
