
Microsoft Visual Studio Solution File, Format Version 12.00
# Visual Studio 15
VisualStudioVersion = 15.0.28010.2036
MinimumVisualStudioVersion = 10.0.40219.1
Project("{FAE04EC0-301F-11D3-BF4B-00C04F79EFBC}") = "DatabaseExample", "Database\DatabaseExample.csproj", "{D8D6C45F-7C6D-4978-9905-0EE5C0C02FF9}"
EndProject
Project("{FAE04EC0-301F-11D3-BF4B-00C04F79EFBC}") = "DatabaseTests", "DatabaseTests\DatabaseTests.csproj", "{D58CAB11-26FE-4D24-891C-247DDDD1B7A3}"
EndProject
Global
	GlobalSection(SolutionConfigurationPlatforms) = preSolution
		Debug|Any CPU = Debug|Any CPU
		Release|Any CPU = Release|Any CPU
	EndGlobalSection
	GlobalSection(ProjectConfigurationPlatforms) = postSolution
		{D8D6C45F-7C6D-4978-9905-0EE5C0C02FF9}.Debug|Any CPU.ActiveCfg = Debug|Any CPU
		{D8D6C45F-7C6D-4978-9905-0EE5C0C02FF9}.Debug|Any CPU.Build.0 = Debug|Any CPU
		{D8D6C45F-7C6D-4978-9905-0EE5C0C02FF9}.Release|Any CPU.ActiveCfg = Release|Any CPU
		{D8D6C45F-7C6D-4978-9905-0EE5C0C02FF9}.Release|Any CPU.Build.0 = Release|Any CPU
		{D58CAB11-26FE-4D24-891C-247DDDD1B7A3}.Debug|Any CPU.ActiveCfg = Debug|Any CPU
		{D58CAB11-26FE-4D24-891C-247DDDD1B7A3}.Debug|Any CPU.Build.0 = Debug|Any CPU
		{D58CAB11-26FE-4D24-891C-247DDDD1B7A3}.Release|Any CPU.ActiveCfg = Release|Any CPU
		{D58CAB11-26FE-4D24-891C-247DDDD1B7A3}.Release|Any CPU.Build.0 = Release|Any CPU
	EndGlobalSection
	GlobalSection(SolutionProperties) = preSolution
		HideSolutionNode = FALSE
	EndGlobalSection
	GlobalSection(ExtensibilityGlobals) = postSolution
		SolutionGuid = {06980501-A602-430C-90CD-1A546AADC930}
	EndGlobalSection
EndGlobal
